
Microsoft Visual Studio Solution File, Format Version 12.00
# Visual Studio 2012
Project("{FAE04EC0-301F-11D3-BF4B-00C04F79EFBC}") = "ResultsByClient", "ResultsByClient.csproj", "{95DEB07B-5B8A-4EAB-9736-647B89AEB221}"
EndProject
Project("{FAE04EC0-301F-11D3-BF4B-00C04F79EFBC}") = "DAL", "..\General\DAL\DAL.csproj", "{FB002602-1B33-465B-9414-AD1A8FE98325}"
EndProject
Project("{FAE04EC0-301F-11D3-BF4B-00C04F79EFBC}") = "Common", "..\General\Common\Common.csproj", "{A60242B9-5382-4A90-91F8-F390DA706AE7}"
EndProject
Global
	GlobalSection(SolutionConfigurationPlatforms) = preSolution
		Debug|Any CPU = Debug|Any CPU
		Debug|Mixed Platforms = Debug|Mixed Platforms
		Debug|x86 = Debug|x86
		Release|Any CPU = Release|Any CPU
		Release|Mixed Platforms = Release|Mixed Platforms
		Release|x86 = Release|x86
	EndGlobalSection
	GlobalSection(ProjectConfigurationPlatforms) = postSolution
		{95DEB07B-5B8A-4EAB-9736-647B89AEB221}.Debug|Any CPU.ActiveCfg = Debug|Any CPU
		{95DEB07B-5B8A-4EAB-9736-647B89AEB221}.Debug|Any CPU.Build.0 = Debug|Any CPU
		{95DEB07B-5B8A-4EAB-9736-647B89AEB221}.Debug|Mixed Platforms.ActiveCfg = Debug|Any CPU
		{95DEB07B-5B8A-4EAB-9736-647B89AEB221}.Debug|Mixed Platforms.Build.0 = Debug|Any CPU
		{95DEB07B-5B8A-4EAB-9736-647B89AEB221}.Debug|x86.ActiveCfg = Debug|Any CPU
		{95DEB07B-5B8A-4EAB-9736-647B89AEB221}.Release|Any CPU.ActiveCfg = Release|Any CPU
		{95DEB07B-5B8A-4EAB-9736-647B89AEB221}.Release|Any CPU.Build.0 = Release|Any CPU
		{95DEB07B-5B8A-4EAB-9736-647B89AEB221}.Release|Mixed Platforms.ActiveCfg = Release|Any CPU
		{95DEB07B-5B8A-4EAB-9736-647B89AEB221}.Release|Mixed Platforms.Build.0 = Release|Any CPU
		{95DEB07B-5B8A-4EAB-9736-647B89AEB221}.Release|x86.ActiveCfg = Release|Any CPU
		{FB002602-1B33-465B-9414-AD1A8FE98325}.Debug|Any CPU.ActiveCfg = Debug|Any CPU
		{FB002602-1B33-465B-9414-AD1A8FE98325}.Debug|Any CPU.Build.0 = Debug|Any CPU
		{FB002602-1B33-465B-9414-AD1A8FE98325}.Debug|Mixed Platforms.ActiveCfg = Debug|Any CPU
		{FB002602-1B33-465B-9414-AD1A8FE98325}.Debug|Mixed Platforms.Build.0 = Debug|Any CPU
		{FB002602-1B33-465B-9414-AD1A8FE98325}.Debug|x86.ActiveCfg = Debug|Any CPU
		{FB002602-1B33-465B-9414-AD1A8FE98325}.Release|Any CPU.ActiveCfg = Release|Any CPU
		{FB002602-1B33-465B-9414-AD1A8FE98325}.Release|Any CPU.Build.0 = Release|Any CPU
		{FB002602-1B33-465B-9414-AD1A8FE98325}.Release|Mixed Platforms.ActiveCfg = Release|Any CPU
		{FB002602-1B33-465B-9414-AD1A8FE98325}.Release|Mixed Platforms.Build.0 = Release|Any CPU
		{FB002602-1B33-465B-9414-AD1A8FE98325}.Release|x86.ActiveCfg = Release|Any CPU
		{A60242B9-5382-4A90-91F8-F390DA706AE7}.Debug|Any CPU.ActiveCfg = Debug|Any CPU
		{A60242B9-5382-4A90-91F8-F390DA706AE7}.Debug|Any CPU.Build.0 = Debug|Any CPU
		{A60242B9-5382-4A90-91F8-F390DA706AE7}.Debug|Mixed Platforms.ActiveCfg = Debug|Any CPU
		{A60242B9-5382-4A90-91F8-F390DA706AE7}.Debug|Mixed Platforms.Build.0 = Debug|Any CPU
		{A60242B9-5382-4A90-91F8-F390DA706AE7}.Debug|x86.ActiveCfg = Debug|Any CPU
		{A60242B9-5382-4A90-91F8-F390DA706AE7}.Release|Any CPU.ActiveCfg = Release|Any CPU
		{A60242B9-5382-4A90-91F8-F390DA706AE7}.Release|Any CPU.Build.0 = Release|Any CPU
		{A60242B9-5382-4A90-91F8-F390DA706AE7}.Release|Mixed Platforms.ActiveCfg = Release|Any CPU
		{A60242B9-5382-4A90-91F8-F390DA706AE7}.Release|Mixed Platforms.Build.0 = Release|Any CPU
		{A60242B9-5382-4A90-91F8-F390DA706AE7}.Release|x86.ActiveCfg = Release|Any CPU
	EndGlobalSection
	GlobalSection(SolutionProperties) = preSolution
		HideSolutionNode = FALSE
	EndGlobalSection
EndGlobal
